// !$*UTF8*$!
{
	archiveVersion = 1;
	classes = {
	};
	objectVersion = 55;
	objects = {

/* Begin PBXBuildFile section */
		A537336928D9F93D00631F36 /* ChainTable.cpp in Sources */ = {isa = PBXBuildFile; fileRef = A537336828D9F93D00631F36 /* ChainTable.cpp */; };
		A537336D28DB508A00631F36 /* Bucket.cpp in Sources */ = {isa = PBXBuildFile; fileRef = A537336C28DB508A00631F36 /* Bucket.cpp */; };
		A5ED04CE28D892E50092998A /* main.cpp in Sources */ = {isa = PBXBuildFile; fileRef = A5ED04CD28D892E50092998A /* main.cpp */; };
/* End PBXBuildFile section */

/* Begin PBXCopyFilesBuildPhase section */
		A5ED04C828D892E50092998A /* CopyFiles */ = {
			isa = PBXCopyFilesBuildPhase;
			buildActionMask = 2147483647;
			dstPath = /usr/share/man/man1/;
			dstSubfolderSpec = 0;
			files = (
			);
			runOnlyForDeploymentPostprocessing = 1;
		};
/* End PBXCopyFilesBuildPhase section */

/* Begin PBXFileReference section */
		A537336728D9F92F00631F36 /* ChainTable.h */ = {isa = PBXFileReference; lastKnownFileType = sourcecode.c.h; path = ChainTable.h; sourceTree = "<group>"; };
		A537336828D9F93D00631F36 /* ChainTable.cpp */ = {isa = PBXFileReference; lastKnownFileType = sourcecode.cpp.cpp; path = ChainTable.cpp; sourceTree = "<group>"; };
		A537336A28DB3F1500631F36 /* dictionaryFileTEST.txt */ = {isa = PBXFileReference; lastKnownFileType = text; path = dictionaryFileTEST.txt; sourceTree = "<group>"; };
		A537336B28DB508A00631F36 /* Bucket.h */ = {isa = PBXFileReference; fileEncoding = 4; lastKnownFileType = sourcecode.c.h; path = Bucket.h; sourceTree = "<group>"; };
		A537336C28DB508A00631F36 /* Bucket.cpp */ = {isa = PBXFileReference; fileEncoding = 4; lastKnownFileType = sourcecode.cpp.cpp; path = Bucket.cpp; sourceTree = "<group>"; };
		A5ED04CA28D892E50092998A /* P2_160 */ = {isa = PBXFileReference; explicitFileType = "compiled.mach-o.executable"; includeInIndex = 0; path = P2_160; sourceTree = BUILT_PRODUCTS_DIR; };
		A5ED04CD28D892E50092998A /* main.cpp */ = {isa = PBXFileReference; lastKnownFileType = sourcecode.cpp.cpp; path = main.cpp; sourceTree = "<group>"; };
		A5ED04E128D896CB0092998A /* Node.h */ = {isa = PBXFileReference; lastKnownFileType = sourcecode.c.h; path = Node.h; sourceTree = "<group>"; };
		A5ED04E528D89AFA0092998A /* dictionaryFileSimple.txt */ = {isa = PBXFileReference; lastKnownFileType = text; path = dictionaryFileSimple.txt; sourceTree = "<group>"; };
		A5ED04E628D89AFA0092998A /* dictionaryFile1.txt */ = {isa = PBXFileReference; lastKnownFileType = text; path = dictionaryFile1.txt; sourceTree = "<group>"; };
		A5ED04E728D89AFB0092998A /* dictionaryFile2.txt */ = {isa = PBXFileReference; lastKnownFileType = text; path = dictionaryFile2.txt; sourceTree = "<group>"; };
		A5ED04E828D89AFB0092998A /* inputFile1.txt */ = {isa = PBXFileReference; lastKnownFileType = text; path = inputFile1.txt; sourceTree = "<group>"; };
		A5ED04E928D89AFB0092998A /* inputFileSimple.txt */ = {isa = PBXFileReference; lastKnownFileType = text; path = inputFileSimple.txt; sourceTree = "<group>"; };
		A5ED04EA28D89AFB0092998A /* inputFile2.txt */ = {isa = PBXFileReference; lastKnownFileType = text; path = inputFile2.txt; sourceTree = "<group>"; };
/* End PBXFileReference section */

/* Begin PBXFrameworksBuildPhase section */
		A5ED04C728D892E50092998A /* Frameworks */ = {
			isa = PBXFrameworksBuildPhase;
			buildActionMask = 2147483647;
			files = (
			);
			runOnlyForDeploymentPostprocessing = 0;
		};
/* End PBXFrameworksBuildPhase section */

/* Begin PBXGroup section */
		A5ED04C128D892E50092998A = {
			isa = PBXGroup;
			children = (
				A5ED04CC28D892E50092998A /* P2_160 */,
				A5ED04CB28D892E50092998A /* Products */,
			);
			sourceTree = "<group>";
		};
		A5ED04CB28D892E50092998A /* Products */ = {
			isa = PBXGroup;
			children = (
				A5ED04CA28D892E50092998A /* P2_160 */,
			);
			name = Products;
			sourceTree = "<group>";
		};
		A5ED04CC28D892E50092998A /* P2_160 */ = {
			isa = PBXGroup;
			children = (
				A5ED04CD28D892E50092998A /* main.cpp */,
				A537336828D9F93D00631F36 /* ChainTable.cpp */,
				A537336728D9F92F00631F36 /* ChainTable.h */,
				A537336C28DB508A00631F36 /* Bucket.cpp */,
				A537336B28DB508A00631F36 /* Bucket.h */,
				A5ED04E128D896CB0092998A /* Node.h */,
				A5ED04E628D89AFA0092998A /* dictionaryFile1.txt */,
				A5ED04E728D89AFB0092998A /* dictionaryFile2.txt */,
				A537336A28DB3F1500631F36 /* dictionaryFileTEST.txt */,
				A5ED04E528D89AFA0092998A /* dictionaryFileSimple.txt */,
				A5ED04E828D89AFB0092998A /* inputFile1.txt */,
				A5ED04EA28D89AFB0092998A /* inputFile2.txt */,
				A5ED04E928D89AFB0092998A /* inputFileSimple.txt */,
			);
			path = P2_160;
			sourceTree = "<group>";
		};
/* End PBXGroup section */

/* Begin PBXNativeTarget section */
		A5ED04C928D892E50092998A /* P2_160 */ = {
			isa = PBXNativeTarget;
			buildConfigurationList = A5ED04D128D892E50092998A /* Build configuration list for PBXNativeTarget "P2_160" */;
			buildPhases = (
				A5ED04C628D892E50092998A /* Sources */,
				A5ED04C728D892E50092998A /* Frameworks */,
				A5ED04C828D892E50092998A /* CopyFiles */,
			);
			buildRules = (
			);
			dependencies = (
			);
			name = P2_160;
			productName = P2_160;
			productReference = A5ED04CA28D892E50092998A /* P2_160 */;
			productType = "com.apple.product-type.tool";
		};
/* End PBXNativeTarget section */

/* Begin PBXProject section */
		A5ED04C228D892E50092998A /* Project object */ = {
			isa = PBXProject;
			attributes = {
				BuildIndependentTargetsInParallel = 1;
				LastUpgradeCheck = 1340;
				TargetAttributes = {
					A5ED04C928D892E50092998A = {
						CreatedOnToolsVersion = 13.4.1;
					};
				};
			};
			buildConfigurationList = A5ED04C528D892E50092998A /* Build configuration list for PBXProject "P2_160" */;
			compatibilityVersion = "Xcode 13.0";
			developmentRegion = en;
			hasScannedForEncodings = 0;
			knownRegions = (
				en,
				Base,
			);
			mainGroup = A5ED04C128D892E50092998A;
			productRefGroup = A5ED04CB28D892E50092998A /* Products */;
			projectDirPath = "";
			projectRoot = "";
			targets = (
				A5ED04C928D892E50092998A /* P2_160 */,
			);
		};
/* End PBXProject section */

/* Begin PBXSourcesBuildPhase section */
		A5ED04C628D892E50092998A /* Sources */ = {
			isa = PBXSourcesBuildPhase;
			buildActionMask = 2147483647;
			files = (
				A537336928D9F93D00631F36 /* ChainTable.cpp in Sources */,
				A537336D28DB508A00631F36 /* Bucket.cpp in Sources */,
				A5ED04CE28D892E50092998A /* main.cpp in Sources */,
			);
			runOnlyForDeploymentPostprocessing = 0;
		};
/* End PBXSourcesBuildPhase section */

/* Begin XCBuildConfiguration section */
		A5ED04CF28D892E50092998A /* Debug */ = {
			isa = XCBuildConfiguration;
			buildSettings = {
				ALWAYS_SEARCH_USER_PATHS = NO;
				CLANG_ANALYZER_NONNULL = YES;
				CLANG_ANALYZER_NUMBER_OBJECT_CONVERSION = YES_AGGRESSIVE;
				CLANG_CXX_LANGUAGE_STANDARD = "gnu++17";
				CLANG_ENABLE_MODULES = YES;
				CLANG_ENABLE_OBJC_ARC = YES;
				CLANG_ENABLE_OBJC_WEAK = YES;
				CLANG_WARN_BLOCK_CAPTURE_AUTORELEASING = YES;
				CLANG_WARN_BOOL_CONVERSION = YES;
				CLANG_WARN_COMMA = YES;
				CLANG_WARN_CONSTANT_CONVERSION = YES;
				CLANG_WARN_DEPRECATED_OBJC_IMPLEMENTATIONS = YES;
				CLANG_WARN_DIRECT_OBJC_ISA_USAGE = YES_ERROR;
				CLANG_WARN_DOCUMENTATION_COMMENTS = YES;
				CLANG_WARN_EMPTY_BODY = YES;
				CLANG_WARN_ENUM_CONVERSION = YES;
				CLANG_WARN_INFINITE_RECURSION = YES;
				CLANG_WARN_INT_CONVERSION = YES;
				CLANG_WARN_NON_LITERAL_NULL_CONVERSION = YES;
				CLANG_WARN_OBJC_IMPLICIT_RETAIN_SELF = YES;
				CLANG_WARN_OBJC_LITERAL_CONVERSION = YES;
				CLANG_WARN_OBJC_ROOT_CLASS = YES_ERROR;
				CLANG_WARN_QUOTED_INCLUDE_IN_FRAMEWORK_HEADER = YES;
				CLANG_WARN_RANGE_LOOP_ANALYSIS = YES;
				CLANG_WARN_STRICT_PROTOTYPES = YES;
				CLANG_WARN_SUSPICIOUS_MOVE = YES;
				CLANG_WARN_UNGUARDED_AVAILABILITY = YES_AGGRESSIVE;
				CLANG_WARN_UNREACHABLE_CODE = YES;
				CLANG_WARN__DUPLICATE_METHOD_MATCH = YES;
				COPY_PHASE_STRIP = NO;
				DEBUG_INFORMATION_FORMAT = dwarf;
				ENABLE_STRICT_OBJC_MSGSEND = YES;
				ENABLE_TESTABILITY = YES;
				GCC_C_LANGUAGE_STANDARD = gnu11;
				GCC_DYNAMIC_NO_PIC = NO;
				GCC_NO_COMMON_BLOCKS = YES;
				GCC_OPTIMIZATION_LEVEL = 0;
				GCC_PREPROCESSOR_DEFINITIONS = (
					"DEBUG=1",
					"$(inherited)",
				);
				GCC_WARN_64_TO_32_BIT_CONVERSION = YES;
				GCC_WARN_ABOUT_RETURN_TYPE = YES_ERROR;
				GCC_WARN_UNDECLARED_SELECTOR = YES;
				GCC_WARN_UNINITIALIZED_AUTOS = YES_AGGRESSIVE;
				GCC_WARN_UNUSED_FUNCTION = YES;
				GCC_WARN_UNUSED_VARIABLE = YES;
				MACOSX_DEPLOYMENT_TARGET = 12.0;
				MTL_ENABLE_DEBUG_INFO = INCLUDE_SOURCE;
				MTL_FAST_MATH = YES;
				ONLY_ACTIVE_ARCH = NO;
				SDKROOT = macosx;
			};
			name = Debug;
		};
		A5ED04D028D892E50092998A /* Release */ = {
			isa = XCBuildConfiguration;
			buildSettings = {
				ALWAYS_SEARCH_USER_PATHS = NO;
				CLANG_ANALYZER_NONNULL = YES;
				CLANG_ANALYZER_NUMBER_OBJECT_CONVERSION = YES_AGGRESSIVE;
				CLANG_CXX_LANGUAGE_STANDARD = "gnu++17";
				CLANG_ENABLE_MODULES = YES;
				CLANG_ENABLE_OBJC_ARC = YES;
				CLANG_ENABLE_OBJC_WEAK = YES;
				CLANG_WARN_BLOCK_CAPTURE_AUTORELEASING = YES;
				CLANG_WARN_BOOL_CONVERSION = YES;
				CLANG_WARN_COMMA = YES;
				CLANG_WARN_CONSTANT_CONVERSION = YES;
				CLANG_WARN_DEPRECATED_OBJC_IMPLEMENTATIONS = YES;
				CLANG_WARN_DIRECT_OBJC_ISA_USAGE = YES_ERROR;
				CLANG_WARN_DOCUMENTATION_COMMENTS = YES;
				CLANG_WARN_EMPTY_BODY = YES;
				CLANG_WARN_ENUM_CONVERSION = YES;
				CLANG_WARN_INFINITE_RECURSION = YES;
				CLANG_WARN_INT_CONVERSION = YES;
				CLANG_WARN_NON_LITERAL_NULL_CONVERSION = YES;
				CLANG_WARN_OBJC_IMPLICIT_RETAIN_SELF = YES;
				CLANG_WARN_OBJC_LITERAL_CONVERSION = YES;
				CLANG_WARN_OBJC_ROOT_CLASS = YES_ERROR;
				CLANG_WARN_QUOTED_INCLUDE_IN_FRAMEWORK_HEADER = YES;
				CLANG_WARN_RANGE_LOOP_ANALYSIS = YES;
				CLANG_WARN_STRICT_PROTOTYPES = YES;
				CLANG_WARN_SUSPICIOUS_MOVE = YES;
				CLANG_WARN_UNGUARDED_AVAILABILITY = YES_AGGRESSIVE;
				CLANG_WARN_UNREACHABLE_CODE = YES;
				CLANG_WARN__DUPLICATE_METHOD_MATCH = YES;
				COPY_PHASE_STRIP = NO;
				DEBUG_INFORMATION_FORMAT = "dwarf-with-dsym";
				ENABLE_NS_ASSERTIONS = NO;
				ENABLE_STRICT_OBJC_MSGSEND = YES;
				GCC_C_LANGUAGE_STANDARD = gnu11;
				GCC_NO_COMMON_BLOCKS = YES;
				GCC_WARN_64_TO_32_BIT_CONVERSION = YES;
				GCC_WARN_ABOUT_RETURN_TYPE = YES_ERROR;
				GCC_WARN_UNDECLARED_SELECTOR = YES;
				GCC_WARN_UNINITIALIZED_AUTOS = YES_AGGRESSIVE;
				GCC_WARN_UNUSED_FUNCTION = YES;
				GCC_WARN_UNUSED_VARIABLE = YES;
				MACOSX_DEPLOYMENT_TARGET = 12.0;
				MTL_ENABLE_DEBUG_INFO = NO;
				MTL_FAST_MATH = YES;
				SDKROOT = macosx;
			};
			name = Release;
		};
		A5ED04D228D892E50092998A /* Debug */ = {
			isa = XCBuildConfiguration;
			buildSettings = {
				CODE_SIGN_STYLE = Automatic;
				PRODUCT_NAME = "$(TARGET_NAME)";
			};
			name = Debug;
		};
		A5ED04D328D892E50092998A /* Release */ = {
			isa = XCBuildConfiguration;
			buildSettings = {
				CODE_SIGN_STYLE = Automatic;
				PRODUCT_NAME = "$(TARGET_NAME)";
			};
			name = Release;
		};
/* End XCBuildConfiguration section */

/* Begin XCConfigurationList section */
		A5ED04C528D892E50092998A /* Build configuration list for PBXProject "P2_160" */ = {
			isa = XCConfigurationList;
			buildConfigurations = (
				A5ED04CF28D892E50092998A /* Debug */,
				A5ED04D028D892E50092998A /* Release */,
			);
			defaultConfigurationIsVisible = 0;
			defaultConfigurationName = Release;
		};
		A5ED04D128D892E50092998A /* Build configuration list for PBXNativeTarget "P2_160" */ = {
			isa = XCConfigurationList;
			buildConfigurations = (
				A5ED04D228D892E50092998A /* Debug */,
				A5ED04D328D892E50092998A /* Release */,
			);
			defaultConfigurationIsVisible = 0;
			defaultConfigurationName = Release;
		};
/* End XCConfigurationList section */
	};
	rootObject = A5ED04C228D892E50092998A /* Project object */;
}
